
Microsoft Visual Studio Solution File, Format Version 12.00
# Visual Studio Version 17
VisualStudioVersion = 17.9.34723.18
MinimumVisualStudioVersion = 10.0.40219.1
Project("{FAE04EC0-301F-11D3-BF4B-00C04F79EFBC}") = "SocialNetworkProject_3-22-05", "SocialNetworkProject_3-22-05\SocialNetworkProject_3-22-05.csproj", "{03FE4D0E-7C19-41E1-A233-8BAA0DBC14CA}"
EndProject
Global
	GlobalSection(SolutionConfigurationPlatforms) = preSolution
		Debug|Any CPU = Debug|Any CPU
		Release|Any CPU = Release|Any CPU
	EndGlobalSection
	GlobalSection(ProjectConfigurationPlatforms) = postSolution
		{03FE4D0E-7C19-41E1-A233-8BAA0DBC14CA}.Debug|Any CPU.ActiveCfg = Debug|Any CPU
		{03FE4D0E-7C19-41E1-A233-8BAA0DBC14CA}.Debug|Any CPU.Build.0 = Debug|Any CPU
		{03FE4D0E-7C19-41E1-A233-8BAA0DBC14CA}.Release|Any CPU.ActiveCfg = Release|Any CPU
		{03FE4D0E-7C19-41E1-A233-8BAA0DBC14CA}.Release|Any CPU.Build.0 = Release|Any CPU
	EndGlobalSection
	GlobalSection(SolutionProperties) = preSolution
		HideSolutionNode = FALSE
	EndGlobalSection
	GlobalSection(ExtensibilityGlobals) = postSolution
		SolutionGuid = {F8DEFCE4-7D93-4450-A9D5-C3C761377433}
	EndGlobalSection
EndGlobal
